
Microsoft Visual Studio Solution File, Format Version 12.00
# Visual Studio Version 16
VisualStudioVersion = 16.0.31025.194
MinimumVisualStudioVersion = 10.0.40219.1
Project("{FAE04EC0-301F-11D3-BF4B-00C04F79EFBC}") = "AaronSadler.ApplicationInsights.StatusCodeFilter", "AaronSadler.ApplicationInsights.StatusCodeFilter\AaronSadler.ApplicationInsights.StatusCodeFilter.csproj", "{56DE8176-D49B-46D5-A7C6-9610B31B591D}"
EndProject
Global
	GlobalSection(SolutionConfigurationPlatforms) = preSolution
		Debug|Any CPU = Debug|Any CPU
		Release|Any CPU = Release|Any CPU
	EndGlobalSection
	GlobalSection(ProjectConfigurationPlatforms) = postSolution
		{56DE8176-D49B-46D5-A7C6-9610B31B591D}.Debug|Any CPU.ActiveCfg = Debug|Any CPU
		{56DE8176-D49B-46D5-A7C6-9610B31B591D}.Debug|Any CPU.Build.0 = Debug|Any CPU
		{56DE8176-D49B-46D5-A7C6-9610B31B591D}.Release|Any CPU.ActiveCfg = Release|Any CPU
		{56DE8176-D49B-46D5-A7C6-9610B31B591D}.Release|Any CPU.Build.0 = Release|Any CPU
	EndGlobalSection
	GlobalSection(SolutionProperties) = preSolution
		HideSolutionNode = FALSE
	EndGlobalSection
	GlobalSection(ExtensibilityGlobals) = postSolution
		SolutionGuid = {6051B4E3-4051-40BA-9753-C856EE5C558C}
	EndGlobalSection
EndGlobal
